// !$*UTF8*$!
{
	archiveVersion = 1;
	classes = {
	};
	objectVersion = 46;
	objects = {

/* Begin PBXBuildFile section */
		B308487E1C228CEE00AD35CC /* GLUT.framework in Frameworks */ = {isa = PBXBuildFile; fileRef = B308487D1C228CEE00AD35CC /* GLUT.framework */; };
		B35EBD6B1C1E7D38006D850B /* OpenGL.framework in Frameworks */ = {isa = PBXBuildFile; fileRef = B35EBD6A1C1E7D38006D850B /* OpenGL.framework */; };
		B361FC3E1C2BC7D100C35CB5 /* gltools.h in Sources */ = {isa = PBXBuildFile; fileRef = B361FC3A1C2BC79800C35CB5 /* gltools.h */; };
		B3BABFEE1C423BD40099DD12 /* practice1.m in Sources */ = {isa = PBXBuildFile; fileRef = B3BABFED1C423BD40099DD12 /* practice1.m */; };
/* End PBXBuildFile section */

/* Begin PBXCopyFilesBuildPhase section */
		B35EBD5E1C1E7CF6006D850B /* CopyFiles */ = {
			isa = PBXCopyFilesBuildPhase;
			buildActionMask = 2147483647;
			dstPath = /usr/share/man/man1/;
			dstSubfolderSpec = 0;
			files = (
			);
			runOnlyForDeploymentPostprocessing = 1;
		};
/* End PBXCopyFilesBuildPhase section */

/* Begin PBXFileReference section */
		B308487D1C228CEE00AD35CC /* GLUT.framework */ = {isa = PBXFileReference; lastKnownFileType = wrapper.framework; name = GLUT.framework; path = System/Library/Frameworks/GLUT.framework; sourceTree = SDKROOT; };
		B35EBD601C1E7CF6006D850B /* openGL */ = {isa = PBXFileReference; explicitFileType = "compiled.mach-o.executable"; includeInIndex = 0; path = openGL; sourceTree = BUILT_PRODUCTS_DIR; };
		B35EBD631C1E7CF6006D850B /* main.m */ = {isa = PBXFileReference; lastKnownFileType = sourcecode.c.objc; path = main.m; sourceTree = "<group>"; };
		B35EBD6A1C1E7D38006D850B /* OpenGL.framework */ = {isa = PBXFileReference; lastKnownFileType = wrapper.framework; name = OpenGL.framework; path = System/Library/Frameworks/OpenGL.framework; sourceTree = SDKROOT; };
		B361FC391C2BC79800C35CB5 /* Drawjet.cp */ = {isa = PBXFileReference; fileEncoding = 4; lastKnownFileType = sourcecode.cpp.cpp; path = Drawjet.cp; sourceTree = "<group>"; };
		B361FC3A1C2BC79800C35CB5 /* gltools.h */ = {isa = PBXFileReference; fileEncoding = 4; lastKnownFileType = sourcecode.c.h; path = gltools.h; sourceTree = "<group>"; };
		B361FC3C1C2BC7B200C35CB5 /* main2.m */ = {isa = PBXFileReference; fileEncoding = 4; lastKnownFileType = sourcecode.c.objc; path = main2.m; sourceTree = "<group>"; };
		B3BABFED1C423BD40099DD12 /* practice1.m */ = {isa = PBXFileReference; fileEncoding = 4; lastKnownFileType = sourcecode.c.objc; path = practice1.m; sourceTree = "<group>"; };
/* End PBXFileReference section */

/* Begin PBXFrameworksBuildPhase section */
		B35EBD5D1C1E7CF6006D850B /* Frameworks */ = {
			isa = PBXFrameworksBuildPhase;
			buildActionMask = 2147483647;
			files = (
				B308487E1C228CEE00AD35CC /* GLUT.framework in Frameworks */,
				B35EBD6B1C1E7D38006D850B /* OpenGL.framework in Frameworks */,
			);
			runOnlyForDeploymentPostprocessing = 0;
		};
/* End PBXFrameworksBuildPhase section */

/* Begin PBXGroup section */
		B35EBD571C1E7CF6006D850B = {
			isa = PBXGroup;
			children = (
				B308487D1C228CEE00AD35CC /* GLUT.framework */,
				B35EBD6A1C1E7D38006D850B /* OpenGL.framework */,
				B35EBD621C1E7CF6006D850B /* openGL */,
				B35EBD611C1E7CF6006D850B /* Products */,
			);
			sourceTree = "<group>";
		};
		B35EBD611C1E7CF6006D850B /* Products */ = {
			isa = PBXGroup;
			children = (
				B35EBD601C1E7CF6006D850B /* openGL */,
			);
			name = Products;
			sourceTree = "<group>";
		};
		B35EBD621C1E7CF6006D850B /* openGL */ = {
			isa = PBXGroup;
			children = (
				B3BABFEC1C4235F50099DD12 /* practice1 */,
				B361FC3C1C2BC7B200C35CB5 /* main2.m */,
				B361FC391C2BC79800C35CB5 /* Drawjet.cp */,
				B361FC3A1C2BC79800C35CB5 /* gltools.h */,
				B361FC381C2BC67400C35CB5 /* before */,
			);
			path = openGL;
			sourceTree = "<group>";
		};
		B361FC381C2BC67400C35CB5 /* before */ = {
			isa = PBXGroup;
			children = (
				B35EBD631C1E7CF6006D850B /* main.m */,
			);
			name = before;
			sourceTree = "<group>";
		};
		B3BABFEC1C4235F50099DD12 /* practice1 */ = {
			isa = PBXGroup;
			children = (
				B3BABFED1C423BD40099DD12 /* practice1.m */,
			);
			name = practice1;
			sourceTree = "<group>";
		};
/* End PBXGroup section */

/* Begin PBXNativeTarget section */
		B35EBD5F1C1E7CF6006D850B /* openGL */ = {
			isa = PBXNativeTarget;
			buildConfigurationList = B35EBD671C1E7CF6006D850B /* Build configuration list for PBXNativeTarget "openGL" */;
			buildPhases = (
				B35EBD5C1C1E7CF6006D850B /* Sources */,
				B35EBD5D1C1E7CF6006D850B /* Frameworks */,
				B35EBD5E1C1E7CF6006D850B /* CopyFiles */,
			);
			buildRules = (
			);
			dependencies = (
			);
			name = openGL;
			productName = openGL;
			productReference = B35EBD601C1E7CF6006D850B /* openGL */;
			productType = "com.apple.product-type.tool";
		};
/* End PBXNativeTarget section */

/* Begin PBXProject section */
		B35EBD581C1E7CF6006D850B /* Project object */ = {
			isa = PBXProject;
			attributes = {
				LastUpgradeCheck = 0720;
				ORGANIZATIONNAME = "정민 황";
				TargetAttributes = {
					B35EBD5F1C1E7CF6006D850B = {
						CreatedOnToolsVersion = 7.2;
					};
				};
			};
			buildConfigurationList = B35EBD5B1C1E7CF6006D850B /* Build configuration list for PBXProject "openGL" */;
			compatibilityVersion = "Xcode 3.2";
			developmentRegion = English;
			hasScannedForEncodings = 0;
			knownRegions = (
				en,
			);
			mainGroup = B35EBD571C1E7CF6006D850B;
			productRefGroup = B35EBD611C1E7CF6006D850B /* Products */;
			projectDirPath = "";
			projectRoot = "";
			targets = (
				B35EBD5F1C1E7CF6006D850B /* openGL */,
			);
		};
/* End PBXProject section */

/* Begin PBXSourcesBuildPhase section */
		B35EBD5C1C1E7CF6006D850B /* Sources */ = {
			isa = PBXSourcesBuildPhase;
			buildActionMask = 2147483647;
			files = (
				B3BABFEE1C423BD40099DD12 /* practice1.m in Sources */,
				B361FC3E1C2BC7D100C35CB5 /* gltools.h in Sources */,
			);
			runOnlyForDeploymentPostprocessing = 0;
		};
/* End PBXSourcesBuildPhase section */

/* Begin XCBuildConfiguration section */
		B35EBD651C1E7CF6006D850B /* Debug */ = {
			isa = XCBuildConfiguration;
			buildSettings = {
				ALWAYS_SEARCH_USER_PATHS = NO;
				CLANG_CXX_LANGUAGE_STANDARD = "gnu++0x";
				CLANG_CXX_LIBRARY = "libc++";
				CLANG_ENABLE_MODULES = YES;
				CLANG_ENABLE_OBJC_ARC = YES;
				CLANG_WARN_BOOL_CONVERSION = YES;
				CLANG_WARN_CONSTANT_CONVERSION = YES;
				CLANG_WARN_DIRECT_OBJC_ISA_USAGE = YES_ERROR;
				CLANG_WARN_EMPTY_BODY = YES;
				CLANG_WARN_ENUM_CONVERSION = YES;
				CLANG_WARN_INT_CONVERSION = YES;
				CLANG_WARN_OBJC_ROOT_CLASS = YES_ERROR;
				CLANG_WARN_UNREACHABLE_CODE = YES;
				CLANG_WARN__DUPLICATE_METHOD_MATCH = YES;
				CODE_SIGN_IDENTITY = "-";
				COPY_PHASE_STRIP = NO;
				DEBUG_INFORMATION_FORMAT = dwarf;
				ENABLE_STRICT_OBJC_MSGSEND = YES;
				ENABLE_TESTABILITY = YES;
				GCC_C_LANGUAGE_STANDARD = gnu99;
				GCC_DYNAMIC_NO_PIC = NO;
				GCC_NO_COMMON_BLOCKS = YES;
				GCC_OPTIMIZATION_LEVEL = 0;
				GCC_PREPROCESSOR_DEFINITIONS = (
					"DEBUG=1",
					"$(inherited)",
				);
				GCC_WARN_64_TO_32_BIT_CONVERSION = YES;
				GCC_WARN_ABOUT_RETURN_TYPE = YES_ERROR;
				GCC_WARN_UNDECLARED_SELECTOR = YES;
				GCC_WARN_UNINITIALIZED_AUTOS = YES_AGGRESSIVE;
				GCC_WARN_UNUSED_FUNCTION = YES;
				GCC_WARN_UNUSED_VARIABLE = YES;
				MACOSX_DEPLOYMENT_TARGET = 10.11;
				MTL_ENABLE_DEBUG_INFO = YES;
				ONLY_ACTIVE_ARCH = YES;
				SDKROOT = macosx;
			};
			name = Debug;
		};
		B35EBD661C1E7CF6006D850B /* Release */ = {
			isa = XCBuildConfiguration;
			buildSettings = {
				ALWAYS_SEARCH_USER_PATHS = NO;
				CLANG_CXX_LANGUAGE_STANDARD = "gnu++0x";
				CLANG_CXX_LIBRARY = "libc++";
				CLANG_ENABLE_MODULES = YES;
				CLANG_ENABLE_OBJC_ARC = YES;
				CLANG_WARN_BOOL_CONVERSION = YES;
				CLANG_WARN_CONSTANT_CONVERSION = YES;
				CLANG_WARN_DIRECT_OBJC_ISA_USAGE = YES_ERROR;
				CLANG_WARN_EMPTY_BODY = YES;
				CLANG_WARN_ENUM_CONVERSION = YES;
				CLANG_WARN_INT_CONVERSION = YES;
				CLANG_WARN_OBJC_ROOT_CLASS = YES_ERROR;
				CLANG_WARN_UNREACHABLE_CODE = YES;
				CLANG_WARN__DUPLICATE_METHOD_MATCH = YES;
				CODE_SIGN_IDENTITY = "-";
				COPY_PHASE_STRIP = NO;
				DEBUG_INFORMATION_FORMAT = "dwarf-with-dsym";
				ENABLE_NS_ASSERTIONS = NO;
				ENABLE_STRICT_OBJC_MSGSEND = YES;
				GCC_C_LANGUAGE_STANDARD = gnu99;
				GCC_NO_COMMON_BLOCKS = YES;
				GCC_WARN_64_TO_32_BIT_CONVERSION = YES;
				GCC_WARN_ABOUT_RETURN_TYPE = YES_ERROR;
				GCC_WARN_UNDECLARED_SELECTOR = YES;
				GCC_WARN_UNINITIALIZED_AUTOS = YES_AGGRESSIVE;
				GCC_WARN_UNUSED_FUNCTION = YES;
				GCC_WARN_UNUSED_VARIABLE = YES;
				MACOSX_DEPLOYMENT_TARGET = 10.11;
				MTL_ENABLE_DEBUG_INFO = NO;
				SDKROOT = macosx;
			};
			name = Release;
		};
		B35EBD681C1E7CF6006D850B /* Debug */ = {
			isa = XCBuildConfiguration;
			buildSettings = {
				MACOSX_DEPLOYMENT_TARGET = 10.8;
				PRODUCT_NAME = "$(TARGET_NAME)";
			};
			name = Debug;
		};
		B35EBD691C1E7CF6006D850B /* Release */ = {
			isa = XCBuildConfiguration;
			buildSettings = {
				MACOSX_DEPLOYMENT_TARGET = 10.8;
				PRODUCT_NAME = "$(TARGET_NAME)";
			};
			name = Release;
		};
/* End XCBuildConfiguration section */

/* Begin XCConfigurationList section */
		B35EBD5B1C1E7CF6006D850B /* Build configuration list for PBXProject "openGL" */ = {
			isa = XCConfigurationList;
			buildConfigurations = (
				B35EBD651C1E7CF6006D850B /* Debug */,
				B35EBD661C1E7CF6006D850B /* Release */,
			);
			defaultConfigurationIsVisible = 0;
			defaultConfigurationName = Release;
		};
		B35EBD671C1E7CF6006D850B /* Build configuration list for PBXNativeTarget "openGL" */ = {
			isa = XCConfigurationList;
			buildConfigurations = (
				B35EBD681C1E7CF6006D850B /* Debug */,
				B35EBD691C1E7CF6006D850B /* Release */,
			);
			defaultConfigurationIsVisible = 0;
			defaultConfigurationName = Release;
		};
/* End XCConfigurationList section */
	};
	rootObject = B35EBD581C1E7CF6006D850B /* Project object */;
}
