// !$*UTF8*$!
{
	archiveVersion = 1;
	classes = {
	};
	objectVersion = 46;
	objects = {

/* Begin PBXBuildFile section */
		B308487E1C228CEE00AD35CC /* GLUT.framework in Frameworks */ = {isa = PBXBuildFile; fileRef = B308487D1C228CEE00AD35CC /* GLUT.framework */; };
		B35EBD6B1C1E7D38006D850B /* OpenGL.framework in Frameworks */ = {isa = PBXBuildFile; fileRef = B35EBD6A1C1E7D38006D850B /* OpenGL.framework */; };
		B3BABFFC1C42DDE30099DD12 /* image_DXT.c in Sources */ = {isa = PBXBuildFile; fileRef = B3BABFF71C42DDE30099DD12 /* image_DXT.c */; };
		B3BABFFD1C42DDE30099DD12 /* image_helper.c in Sources */ = {isa = PBXBuildFile; fileRef = B3BABFF81C42DDE30099DD12 /* image_helper.c */; };
		B3BABFFE1C42DDE30099DD12 /* SOIL.c in Sources */ = {isa = PBXBuildFile; fileRef = B3BABFF91C42DDE30099DD12 /* SOIL.c */; };
		B3BABFFF1C42DDE30099DD12 /* SOIL.h in Sources */ = {isa = PBXBuildFile; fileRef = B3BABFFA1C42DDE30099DD12 /* SOIL.h */; };
		B3BAC0001C42DDE30099DD12 /* stb_image_aug.c in Sources */ = {isa = PBXBuildFile; fileRef = B3BABFFB1C42DDE30099DD12 /* stb_image_aug.c */; };
		B3BAC0021C42DE400099DD12 /* practice4.m in Sources */ = {isa = PBXBuildFile; fileRef = B3BAC0011C42DE400099DD12 /* practice4.m */; };
		B3BAC0091C42E3260099DD12 /* texture.png in Copy Files */ = {isa = PBXBuildFile; fileRef = B3BAC0041C42DE520099DD12 /* texture.png */; };
		B3BAC00A1C42E6840099DD12 /* src in Sources */ = {isa = PBXBuildFile; fileRef = B3BABFF51C42DD880099DD12 /* src */; };
		B3BAC00E1C42EAE10099DD12 /* fire.jpeg in Copy Files */ = {isa = PBXBuildFile; fileRef = B3BAC00B1C42EAE10099DD12 /* fire.jpeg */; };
		B3BAC00F1C42EAE10099DD12 /* ice.jpg in Copy Files */ = {isa = PBXBuildFile; fileRef = B3BAC00C1C42EAE10099DD12 /* ice.jpg */; };
		B3BAC0101C42EAE10099DD12 /* TennisBallColorMap.jpg in Copy Files */ = {isa = PBXBuildFile; fileRef = B3BAC00D1C42EAE10099DD12 /* TennisBallColorMap.jpg */; };
/* End PBXBuildFile section */

/* Begin PBXCopyFilesBuildPhase section */
		B35EBD5E1C1E7CF6006D850B /* Copy Files */ = {
			isa = PBXCopyFilesBuildPhase;
			buildActionMask = 12;
			dstPath = resources;
			dstSubfolderSpec = 7;
			files = (
				B3BAC00E1C42EAE10099DD12 /* fire.jpeg in Copy Files */,
				B3BAC00F1C42EAE10099DD12 /* ice.jpg in Copy Files */,
				B3BAC0101C42EAE10099DD12 /* TennisBallColorMap.jpg in Copy Files */,
				B3BAC0091C42E3260099DD12 /* texture.png in Copy Files */,
			);
			name = "Copy Files";
			runOnlyForDeploymentPostprocessing = 0;
		};
/* End PBXCopyFilesBuildPhase section */

/* Begin PBXFileReference section */
		B308487D1C228CEE00AD35CC /* GLUT.framework */ = {isa = PBXFileReference; lastKnownFileType = wrapper.framework; name = GLUT.framework; path = System/Library/Frameworks/GLUT.framework; sourceTree = SDKROOT; };
		B35EBD601C1E7CF6006D850B /* openGL */ = {isa = PBXFileReference; explicitFileType = "compiled.mach-o.executable"; includeInIndex = 0; path = openGL; sourceTree = BUILT_PRODUCTS_DIR; };
		B35EBD631C1E7CF6006D850B /* main.m */ = {isa = PBXFileReference; lastKnownFileType = sourcecode.c.objc; path = main.m; sourceTree = "<group>"; };
		B35EBD6A1C1E7D38006D850B /* OpenGL.framework */ = {isa = PBXFileReference; lastKnownFileType = wrapper.framework; name = OpenGL.framework; path = System/Library/Frameworks/OpenGL.framework; sourceTree = SDKROOT; };
		B361FC391C2BC79800C35CB5 /* Drawjet.cp */ = {isa = PBXFileReference; fileEncoding = 4; lastKnownFileType = sourcecode.cpp.cpp; path = Drawjet.cp; sourceTree = "<group>"; };
		B361FC3A1C2BC79800C35CB5 /* gltools.h */ = {isa = PBXFileReference; fileEncoding = 4; lastKnownFileType = sourcecode.c.h; path = gltools.h; sourceTree = "<group>"; };
		B361FC3C1C2BC7B200C35CB5 /* main2.m */ = {isa = PBXFileReference; fileEncoding = 4; lastKnownFileType = sourcecode.c.objc; path = main2.m; sourceTree = "<group>"; };
		B3BABFED1C423BD40099DD12 /* practice1.m */ = {isa = PBXFileReference; fileEncoding = 4; lastKnownFileType = sourcecode.c.objc; path = practice1.m; sourceTree = "<group>"; };
		B3BABFEF1C427DEB0099DD12 /* practice2.m */ = {isa = PBXFileReference; fileEncoding = 4; lastKnownFileType = sourcecode.c.objc; path = practice2.m; sourceTree = "<group>"; };
		B3BABFF21C4290210099DD12 /* practice3.m */ = {isa = PBXFileReference; fileEncoding = 4; lastKnownFileType = sourcecode.c.objc; path = practice3.m; sourceTree = "<group>"; };
		B3BABFF51C42DD880099DD12 /* src */ = {isa = PBXFileReference; lastKnownFileType = folder; name = src; path = "Simple OpenGL Image Library/src"; sourceTree = "<group>"; };
		B3BABFF71C42DDE30099DD12 /* image_DXT.c */ = {isa = PBXFileReference; lastKnownFileType = sourcecode.c.c; name = image_DXT.c; path = "Simple OpenGL Image Library/src/image_DXT.c"; sourceTree = "<group>"; };
		B3BABFF81C42DDE30099DD12 /* image_helper.c */ = {isa = PBXFileReference; lastKnownFileType = sourcecode.c.c; name = image_helper.c; path = "Simple OpenGL Image Library/src/image_helper.c"; sourceTree = "<group>"; };
		B3BABFF91C42DDE30099DD12 /* SOIL.c */ = {isa = PBXFileReference; lastKnownFileType = sourcecode.c.c; name = SOIL.c; path = "Simple OpenGL Image Library/src/SOIL.c"; sourceTree = "<group>"; };
		B3BABFFA1C42DDE30099DD12 /* SOIL.h */ = {isa = PBXFileReference; lastKnownFileType = sourcecode.c.h; name = SOIL.h; path = "Simple OpenGL Image Library/src/SOIL.h"; sourceTree = "<group>"; };
		B3BABFFB1C42DDE30099DD12 /* stb_image_aug.c */ = {isa = PBXFileReference; lastKnownFileType = sourcecode.c.c; name = stb_image_aug.c; path = "Simple OpenGL Image Library/src/stb_image_aug.c"; sourceTree = "<group>"; };
		B3BAC0011C42DE400099DD12 /* practice4.m */ = {isa = PBXFileReference; fileEncoding = 4; lastKnownFileType = sourcecode.c.objc; path = practice4.m; sourceTree = "<group>"; };
		B3BAC0041C42DE520099DD12 /* texture.png */ = {isa = PBXFileReference; lastKnownFileType = image.png; path = texture.png; sourceTree = "<group>"; };
		B3BAC00B1C42EAE10099DD12 /* fire.jpeg */ = {isa = PBXFileReference; lastKnownFileType = image.jpeg; path = fire.jpeg; sourceTree = "<group>"; };
		B3BAC00C1C42EAE10099DD12 /* ice.jpg */ = {isa = PBXFileReference; lastKnownFileType = image.jpeg; path = ice.jpg; sourceTree = "<group>"; };
		B3BAC00D1C42EAE10099DD12 /* TennisBallColorMap.jpg */ = {isa = PBXFileReference; lastKnownFileType = image.jpeg; path = TennisBallColorMap.jpg; sourceTree = "<group>"; };
/* End PBXFileReference section */

/* Begin PBXFrameworksBuildPhase section */
		B35EBD5D1C1E7CF6006D850B /* Frameworks */ = {
			isa = PBXFrameworksBuildPhase;
			buildActionMask = 2147483647;
			files = (
				B308487E1C228CEE00AD35CC /* GLUT.framework in Frameworks */,
				B35EBD6B1C1E7D38006D850B /* OpenGL.framework in Frameworks */,
			);
			runOnlyForDeploymentPostprocessing = 0;
		};
/* End PBXFrameworksBuildPhase section */

/* Begin PBXGroup section */
		B35EBD571C1E7CF6006D850B = {
			isa = PBXGroup;
			children = (
				B3BABFF71C42DDE30099DD12 /* image_DXT.c */,
				B3BABFF81C42DDE30099DD12 /* image_helper.c */,
				B3BABFF91C42DDE30099DD12 /* SOIL.c */,
				B3BABFFA1C42DDE30099DD12 /* SOIL.h */,
				B3BABFFB1C42DDE30099DD12 /* stb_image_aug.c */,
				B3BABFF51C42DD880099DD12 /* src */,
				B308487D1C228CEE00AD35CC /* GLUT.framework */,
				B35EBD6A1C1E7D38006D850B /* OpenGL.framework */,
				B35EBD621C1E7CF6006D850B /* openGL */,
				B35EBD611C1E7CF6006D850B /* Products */,
			);
			sourceTree = "<group>";
		};
		B35EBD611C1E7CF6006D850B /* Products */ = {
			isa = PBXGroup;
			children = (
				B35EBD601C1E7CF6006D850B /* openGL */,
			);
			name = Products;
			sourceTree = "<group>";
		};
		B35EBD621C1E7CF6006D850B /* openGL */ = {
			isa = PBXGroup;
			children = (
				B3BAC0031C42DE490099DD12 /* resources */,
				B3BABFEC1C4235F50099DD12 /* practice */,
				B361FC3C1C2BC7B200C35CB5 /* main2.m */,
				B361FC391C2BC79800C35CB5 /* Drawjet.cp */,
				B361FC3A1C2BC79800C35CB5 /* gltools.h */,
				B361FC381C2BC67400C35CB5 /* before */,
			);
			path = openGL;
			sourceTree = "<group>";
		};
		B361FC381C2BC67400C35CB5 /* before */ = {
			isa = PBXGroup;
			children = (
				B35EBD631C1E7CF6006D850B /* main.m */,
			);
			name = before;
			sourceTree = "<group>";
		};
		B3BABFEC1C4235F50099DD12 /* practice */ = {
			isa = PBXGroup;
			children = (
				B3BAC0011C42DE400099DD12 /* practice4.m */,
				B3BABFF21C4290210099DD12 /* practice3.m */,
				B3BABFEF1C427DEB0099DD12 /* practice2.m */,
				B3BABFED1C423BD40099DD12 /* practice1.m */,
			);
			name = practice;
			sourceTree = "<group>";
		};
		B3BAC0031C42DE490099DD12 /* resources */ = {
			isa = PBXGroup;
			children = (
				B3BAC00B1C42EAE10099DD12 /* fire.jpeg */,
				B3BAC00C1C42EAE10099DD12 /* ice.jpg */,
				B3BAC00D1C42EAE10099DD12 /* TennisBallColorMap.jpg */,
				B3BAC0041C42DE520099DD12 /* texture.png */,
			);
			name = resources;
			sourceTree = "<group>";
		};
/* End PBXGroup section */

/* Begin PBXNativeTarget section */
		B35EBD5F1C1E7CF6006D850B /* openGL */ = {
			isa = PBXNativeTarget;
			buildConfigurationList = B35EBD671C1E7CF6006D850B /* Build configuration list for PBXNativeTarget "openGL" */;
			buildPhases = (
				B35EBD5C1C1E7CF6006D850B /* Sources */,
				B35EBD5D1C1E7CF6006D850B /* Frameworks */,
				B35EBD5E1C1E7CF6006D850B /* Copy Files */,
			);
			buildRules = (
			);
			dependencies = (
			);
			name = openGL;
			productName = openGL;
			productReference = B35EBD601C1E7CF6006D850B /* openGL */;
			productType = "com.apple.product-type.tool";
		};
/* End PBXNativeTarget section */

/* Begin PBXProject section */
		B35EBD581C1E7CF6006D850B /* Project object */ = {
			isa = PBXProject;
			attributes = {
				LastUpgradeCheck = 0720;
				ORGANIZATIONNAME = "정민 황";
				TargetAttributes = {
					B35EBD5F1C1E7CF6006D850B = {
						CreatedOnToolsVersion = 7.2;
					};
				};
			};
			buildConfigurationList = B35EBD5B1C1E7CF6006D850B /* Build configuration list for PBXProject "openGL" */;
			compatibilityVersion = "Xcode 3.2";
			developmentRegion = English;
			hasScannedForEncodings = 0;
			knownRegions = (
				en,
			);
			mainGroup = B35EBD571C1E7CF6006D850B;
			productRefGroup = B35EBD611C1E7CF6006D850B /* Products */;
			projectDirPath = "";
			projectRoot = "";
			targets = (
				B35EBD5F1C1E7CF6006D850B /* openGL */,
			);
		};
/* End PBXProject section */

/* Begin PBXSourcesBuildPhase section */
		B35EBD5C1C1E7CF6006D850B /* Sources */ = {
			isa = PBXSourcesBuildPhase;
			buildActionMask = 2147483647;
			files = (
				B3BAC00A1C42E6840099DD12 /* src in Sources */,
				B3BAC0021C42DE400099DD12 /* practice4.m in Sources */,
				B3BABFFC1C42DDE30099DD12 /* image_DXT.c in Sources */,
				B3BABFFD1C42DDE30099DD12 /* image_helper.c in Sources */,
				B3BABFFE1C42DDE30099DD12 /* SOIL.c in Sources */,
				B3BABFFF1C42DDE30099DD12 /* SOIL.h in Sources */,
				B3BAC0001C42DDE30099DD12 /* stb_image_aug.c in Sources */,
			);
			runOnlyForDeploymentPostprocessing = 0;
		};
/* End PBXSourcesBuildPhase section */

/* Begin XCBuildConfiguration section */
		B35EBD651C1E7CF6006D850B /* Debug */ = {
			isa = XCBuildConfiguration;
			buildSettings = {
				ALWAYS_SEARCH_USER_PATHS = NO;
				CLANG_CXX_LANGUAGE_STANDARD = "gnu++0x";
				CLANG_CXX_LIBRARY = "libc++";
				CLANG_ENABLE_MODULES = YES;
				CLANG_ENABLE_OBJC_ARC = YES;
				CLANG_WARN_BOOL_CONVERSION = YES;
				CLANG_WARN_CONSTANT_CONVERSION = YES;
				CLANG_WARN_DIRECT_OBJC_ISA_USAGE = YES_ERROR;
				CLANG_WARN_EMPTY_BODY = YES;
				CLANG_WARN_ENUM_CONVERSION = YES;
				CLANG_WARN_INT_CONVERSION = YES;
				CLANG_WARN_OBJC_ROOT_CLASS = YES_ERROR;
				CLANG_WARN_UNREACHABLE_CODE = YES;
				CLANG_WARN__DUPLICATE_METHOD_MATCH = YES;
				CODE_SIGN_IDENTITY = "-";
				COPY_PHASE_STRIP = NO;
				DEBUG_INFORMATION_FORMAT = dwarf;
				ENABLE_STRICT_OBJC_MSGSEND = YES;
				ENABLE_TESTABILITY = YES;
				GCC_C_LANGUAGE_STANDARD = gnu99;
				GCC_DYNAMIC_NO_PIC = NO;
				GCC_NO_COMMON_BLOCKS = YES;
				GCC_OPTIMIZATION_LEVEL = 0;
				GCC_PREPROCESSOR_DEFINITIONS = (
					"DEBUG=1",
					"$(inherited)",
				);
				GCC_WARN_64_TO_32_BIT_CONVERSION = YES;
				GCC_WARN_ABOUT_RETURN_TYPE = YES_ERROR;
				GCC_WARN_UNDECLARED_SELECTOR = YES;
				GCC_WARN_UNINITIALIZED_AUTOS = YES_AGGRESSIVE;
				GCC_WARN_UNUSED_FUNCTION = YES;
				GCC_WARN_UNUSED_VARIABLE = YES;
				MACOSX_DEPLOYMENT_TARGET = 10.11;
				MTL_ENABLE_DEBUG_INFO = YES;
				ONLY_ACTIVE_ARCH = YES;
				SDKROOT = macosx;
			};
			name = Debug;
		};
		B35EBD661C1E7CF6006D850B /* Release */ = {
			isa = XCBuildConfiguration;
			buildSettings = {
				ALWAYS_SEARCH_USER_PATHS = NO;
				CLANG_CXX_LANGUAGE_STANDARD = "gnu++0x";
				CLANG_CXX_LIBRARY = "libc++";
				CLANG_ENABLE_MODULES = YES;
				CLANG_ENABLE_OBJC_ARC = YES;
				CLANG_WARN_BOOL_CONVERSION = YES;
				CLANG_WARN_CONSTANT_CONVERSION = YES;
				CLANG_WARN_DIRECT_OBJC_ISA_USAGE = YES_ERROR;
				CLANG_WARN_EMPTY_BODY = YES;
				CLANG_WARN_ENUM_CONVERSION = YES;
				CLANG_WARN_INT_CONVERSION = YES;
				CLANG_WARN_OBJC_ROOT_CLASS = YES_ERROR;
				CLANG_WARN_UNREACHABLE_CODE = YES;
				CLANG_WARN__DUPLICATE_METHOD_MATCH = YES;
				CODE_SIGN_IDENTITY = "-";
				COPY_PHASE_STRIP = NO;
				DEBUG_INFORMATION_FORMAT = "dwarf-with-dsym";
				ENABLE_NS_ASSERTIONS = NO;
				ENABLE_STRICT_OBJC_MSGSEND = YES;
				GCC_C_LANGUAGE_STANDARD = gnu99;
				GCC_NO_COMMON_BLOCKS = YES;
				GCC_WARN_64_TO_32_BIT_CONVERSION = YES;
				GCC_WARN_ABOUT_RETURN_TYPE = YES_ERROR;
				GCC_WARN_UNDECLARED_SELECTOR = YES;
				GCC_WARN_UNINITIALIZED_AUTOS = YES_AGGRESSIVE;
				GCC_WARN_UNUSED_FUNCTION = YES;
				GCC_WARN_UNUSED_VARIABLE = YES;
				MACOSX_DEPLOYMENT_TARGET = 10.11;
				MTL_ENABLE_DEBUG_INFO = NO;
				SDKROOT = macosx;
			};
			name = Release;
		};
		B35EBD681C1E7CF6006D850B /* Debug */ = {
			isa = XCBuildConfiguration;
			buildSettings = {
				MACOSX_DEPLOYMENT_TARGET = 10.8;
				PRODUCT_NAME = "$(TARGET_NAME)";
			};
			name = Debug;
		};
		B35EBD691C1E7CF6006D850B /* Release */ = {
			isa = XCBuildConfiguration;
			buildSettings = {
				MACOSX_DEPLOYMENT_TARGET = 10.8;
				PRODUCT_NAME = "$(TARGET_NAME)";
			};
			name = Release;
		};
/* End XCBuildConfiguration section */

/* Begin XCConfigurationList section */
		B35EBD5B1C1E7CF6006D850B /* Build configuration list for PBXProject "openGL" */ = {
			isa = XCConfigurationList;
			buildConfigurations = (
				B35EBD651C1E7CF6006D850B /* Debug */,
				B35EBD661C1E7CF6006D850B /* Release */,
			);
			defaultConfigurationIsVisible = 0;
			defaultConfigurationName = Release;
		};
		B35EBD671C1E7CF6006D850B /* Build configuration list for PBXNativeTarget "openGL" */ = {
			isa = XCConfigurationList;
			buildConfigurations = (
				B35EBD681C1E7CF6006D850B /* Debug */,
				B35EBD691C1E7CF6006D850B /* Release */,
			);
			defaultConfigurationIsVisible = 0;
			defaultConfigurationName = Release;
		};
/* End XCConfigurationList section */
	};
	rootObject = B35EBD581C1E7CF6006D850B /* Project object */;
}
